
Microsoft Visual Studio Solution File, Format Version 12.00
# Visual Studio Version 16
VisualStudioVersion = 16.0.31205.134
MinimumVisualStudioVersion = 10.0.40219.1
Project("{FAE04EC0-301F-11D3-BF4B-00C04F79EFBC}") = "Skladik", "Skladik\Skladik.csproj", "{7BBA3425-B239-49A4-BE1F-3A9AFBE38DD9}"
EndProject
Global
	GlobalSection(SolutionConfigurationPlatforms) = preSolution
		Debug|Any CPU = Debug|Any CPU
		Release|Any CPU = Release|Any CPU
	EndGlobalSection
	GlobalSection(ProjectConfigurationPlatforms) = postSolution
		{7BBA3425-B239-49A4-BE1F-3A9AFBE38DD9}.Debug|Any CPU.ActiveCfg = Debug|Any CPU
		{7BBA3425-B239-49A4-BE1F-3A9AFBE38DD9}.Debug|Any CPU.Build.0 = Debug|Any CPU
		{7BBA3425-B239-49A4-BE1F-3A9AFBE38DD9}.Release|Any CPU.ActiveCfg = Release|Any CPU
		{7BBA3425-B239-49A4-BE1F-3A9AFBE38DD9}.Release|Any CPU.Build.0 = Release|Any CPU
	EndGlobalSection
	GlobalSection(SolutionProperties) = preSolution
		HideSolutionNode = FALSE
	EndGlobalSection
	GlobalSection(ExtensibilityGlobals) = postSolution
		SolutionGuid = {69C24556-11DC-4018-8890-DC1FF5F501A2}
	EndGlobalSection
EndGlobal
